
Microsoft Visual Studio Solution File, Format Version 12.00
# Visual Studio Version 16
VisualStudioVersion = 16.0.31702.278
MinimumVisualStudioVersion = 10.0.40219.1
Project("{8BC9CEB8-8B4A-11D0-8D11-00A0C91BC942}") = "screw1", "screw1.vcxproj", "{52BC2196-4E38-4382-A505-9C71E36599FD}"
EndProject
Global
	GlobalSection(SolutionConfigurationPlatforms) = preSolution
		Debug|x64 = Debug|x64
		Debug|x86 = Debug|x86
		Release|x64 = Release|x64
		Release|x86 = Release|x86
	EndGlobalSection
	GlobalSection(ProjectConfigurationPlatforms) = postSolution
		{52BC2196-4E38-4382-A505-9C71E36599FD}.Debug|x64.ActiveCfg = Debug|x64
		{52BC2196-4E38-4382-A505-9C71E36599FD}.Debug|x64.Build.0 = Debug|x64
		{52BC2196-4E38-4382-A505-9C71E36599FD}.Debug|x86.ActiveCfg = Debug|Win32
		{52BC2196-4E38-4382-A505-9C71E36599FD}.Debug|x86.Build.0 = Debug|Win32
		{52BC2196-4E38-4382-A505-9C71E36599FD}.Release|x64.ActiveCfg = Release|x64
		{52BC2196-4E38-4382-A505-9C71E36599FD}.Release|x64.Build.0 = Release|x64
		{52BC2196-4E38-4382-A505-9C71E36599FD}.Release|x86.ActiveCfg = Release|Win32
		{52BC2196-4E38-4382-A505-9C71E36599FD}.Release|x86.Build.0 = Release|Win32
	EndGlobalSection
	GlobalSection(SolutionProperties) = preSolution
		HideSolutionNode = FALSE
	EndGlobalSection
	GlobalSection(ExtensibilityGlobals) = postSolution
		SolutionGuid = {A901B19F-12DE-4F9D-AC9E-8E30F7F0BC7D}
	EndGlobalSection
EndGlobal
